
Microsoft Visual Studio Solution File, Format Version 12.00
# Visual Studio Version 17
VisualStudioVersion = 17.10.35013.160
MinimumVisualStudioVersion = 10.0.40219.1
Project("{FAE04EC0-301F-11D3-BF4B-00C04F79EFBC}") = "DueñoMascota", "DueñoMascota.csproj", "{BDCDE0BD-552E-409F-AD8E-DD4B41C6A3E8}"
EndProject
Global
	GlobalSection(SolutionConfigurationPlatforms) = preSolution
		Debug|Any CPU = Debug|Any CPU
		Release|Any CPU = Release|Any CPU
	EndGlobalSection
	GlobalSection(ProjectConfigurationPlatforms) = postSolution
		{BDCDE0BD-552E-409F-AD8E-DD4B41C6A3E8}.Debug|Any CPU.ActiveCfg = Debug|Any CPU
		{BDCDE0BD-552E-409F-AD8E-DD4B41C6A3E8}.Debug|Any CPU.Build.0 = Debug|Any CPU
		{BDCDE0BD-552E-409F-AD8E-DD4B41C6A3E8}.Release|Any CPU.ActiveCfg = Release|Any CPU
		{BDCDE0BD-552E-409F-AD8E-DD4B41C6A3E8}.Release|Any CPU.Build.0 = Release|Any CPU
	EndGlobalSection
	GlobalSection(SolutionProperties) = preSolution
		HideSolutionNode = FALSE
	EndGlobalSection
	GlobalSection(ExtensibilityGlobals) = postSolution
		SolutionGuid = {A2A7EE81-C46B-465A-A949-38F46C13AE73}
	EndGlobalSection
EndGlobal
